
Microsoft Visual Studio Solution File, Format Version 12.00
# Visual Studio Version 16
VisualStudioVersion = 16.0.31112.23
MinimumVisualStudioVersion = 10.0.40219.1
Project("{9A19103F-16F7-4668-BE54-9A1E7A4F7556}") = "PrimeService", "PrimeService.csproj", "{3972A5BE-D192-4EE7-B8A5-D5DB00A1F156}"
EndProject
Global
	GlobalSection(SolutionConfigurationPlatforms) = preSolution
		Debug|Any CPU = Debug|Any CPU
		Release|Any CPU = Release|Any CPU
	EndGlobalSection
	GlobalSection(ProjectConfigurationPlatforms) = postSolution
		{3972A5BE-D192-4EE7-B8A5-D5DB00A1F156}.Debug|Any CPU.ActiveCfg = Debug|Any CPU
		{3972A5BE-D192-4EE7-B8A5-D5DB00A1F156}.Debug|Any CPU.Build.0 = Debug|Any CPU
		{3972A5BE-D192-4EE7-B8A5-D5DB00A1F156}.Release|Any CPU.ActiveCfg = Release|Any CPU
		{3972A5BE-D192-4EE7-B8A5-D5DB00A1F156}.Release|Any CPU.Build.0 = Release|Any CPU
	EndGlobalSection
	GlobalSection(SolutionProperties) = preSolution
		HideSolutionNode = FALSE
	EndGlobalSection
	GlobalSection(ExtensibilityGlobals) = postSolution
		SolutionGuid = {70B6152A-D8B9-4366-AB4B-77BFB9F7F3F8}
	EndGlobalSection
EndGlobal
